// !$*UTF8*$!
{
	archiveVersion = 1;
	classes = {
	};
	objectVersion = 46;
	objects = {

/* Begin PBXBuildFile section */
		28DC86881A420CD000F43991 /* AppDelegate.swift in Sources */ = {isa = PBXBuildFile; fileRef = 28DC86871A420CD000F43991 /* AppDelegate.swift */; };
		28DC868A1A420CD000F43991 /* FirstViewController.swift in Sources */ = {isa = PBXBuildFile; fileRef = 28DC86891A420CD000F43991 /* FirstViewController.swift */; };
		28DC868C1A420CD000F43991 /* SecondViewController.swift in Sources */ = {isa = PBXBuildFile; fileRef = 28DC868B1A420CD000F43991 /* SecondViewController.swift */; };
		28DC868F1A420CD000F43991 /* Main.storyboard in Resources */ = {isa = PBXBuildFile; fileRef = 28DC868D1A420CD000F43991 /* Main.storyboard */; };
		28DC86911A420CD000F43991 /* Images.xcassets in Resources */ = {isa = PBXBuildFile; fileRef = 28DC86901A420CD000F43991 /* Images.xcassets */; };
		28DC86941A420CD000F43991 /* LaunchScreen.xib in Resources */ = {isa = PBXBuildFile; fileRef = 28DC86921A420CD000F43991 /* LaunchScreen.xib */; };
		28DC86A01A420CD000F43991 /* UinProtoTests.swift in Sources */ = {isa = PBXBuildFile; fileRef = 28DC869F1A420CD000F43991 /* UinProtoTests.swift */; };
/* End PBXBuildFile section */

/* Begin PBXContainerItemProxy section */
		28DC869A1A420CD000F43991 /* PBXContainerItemProxy */ = {
			isa = PBXContainerItemProxy;
			containerPortal = 28DC867A1A420CD000F43991 /* Project object */;
			proxyType = 1;
			remoteGlobalIDString = 28DC86811A420CD000F43991;
			remoteInfo = UinProto;
		};
/* End PBXContainerItemProxy section */

/* Begin PBXFileReference section */
		28DC86821A420CD000F43991 /* UinProto.app */ = {isa = PBXFileReference; explicitFileType = wrapper.application; includeInIndex = 0; path = UinProto.app; sourceTree = BUILT_PRODUCTS_DIR; };
		28DC86861A420CD000F43991 /* Info.plist */ = {isa = PBXFileReference; lastKnownFileType = text.plist.xml; path = Info.plist; sourceTree = "<group>"; };
		28DC86871A420CD000F43991 /* AppDelegate.swift */ = {isa = PBXFileReference; lastKnownFileType = sourcecode.swift; path = AppDelegate.swift; sourceTree = "<group>"; };
		28DC86891A420CD000F43991 /* FirstViewController.swift */ = {isa = PBXFileReference; lastKnownFileType = sourcecode.swift; path = FirstViewController.swift; sourceTree = "<group>"; };
		28DC868B1A420CD000F43991 /* SecondViewController.swift */ = {isa = PBXFileReference; lastKnownFileType = sourcecode.swift; path = SecondViewController.swift; sourceTree = "<group>"; };
		28DC868E1A420CD000F43991 /* Base */ = {isa = PBXFileReference; lastKnownFileType = file.storyboard; name = Base; path = Base.lproj/Main.storyboard; sourceTree = "<group>"; };
		28DC86901A420CD000F43991 /* Images.xcassets */ = {isa = PBXFileReference; lastKnownFileType = folder.assetcatalog; path = Images.xcassets; sourceTree = "<group>"; };
		28DC86931A420CD000F43991 /* Base */ = {isa = PBXFileReference; lastKnownFileType = file.xib; name = Base; path = Base.lproj/LaunchScreen.xib; sourceTree = "<group>"; };
		28DC86991A420CD000F43991 /* UinProtoTests.xctest */ = {isa = PBXFileReference; explicitFileType = wrapper.cfbundle; includeInIndex = 0; path = UinProtoTests.xctest; sourceTree = BUILT_PRODUCTS_DIR; };
		28DC869E1A420CD000F43991 /* Info.plist */ = {isa = PBXFileReference; lastKnownFileType = text.plist.xml; path = Info.plist; sourceTree = "<group>"; };
		28DC869F1A420CD000F43991 /* UinProtoTests.swift */ = {isa = PBXFileReference; lastKnownFileType = sourcecode.swift; path = UinProtoTests.swift; sourceTree = "<group>"; };
/* End PBXFileReference section */

/* Begin PBXFrameworksBuildPhase section */
		28DC867F1A420CD000F43991 /* Frameworks */ = {
			isa = PBXFrameworksBuildPhase;
			buildActionMask = 2147483647;
			files = (
			);
			runOnlyForDeploymentPostprocessing = 0;
		};
		28DC86961A420CD000F43991 /* Frameworks */ = {
			isa = PBXFrameworksBuildPhase;
			buildActionMask = 2147483647;
			files = (
			);
			runOnlyForDeploymentPostprocessing = 0;
		};
/* End PBXFrameworksBuildPhase section */

/* Begin PBXGroup section */
		28DC86791A420CD000F43991 = {
			isa = PBXGroup;
			children = (
				28DC86841A420CD000F43991 /* UinProto */,
				28DC869C1A420CD000F43991 /* UinProtoTests */,
				28DC86831A420CD000F43991 /* Products */,
			);
			sourceTree = "<group>";
		};
		28DC86831A420CD000F43991 /* Products */ = {
			isa = PBXGroup;
			children = (
				28DC86821A420CD000F43991 /* UinProto.app */,
				28DC86991A420CD000F43991 /* UinProtoTests.xctest */,
			);
			name = Products;
			sourceTree = "<group>";
		};
		28DC86841A420CD000F43991 /* UinProto */ = {
			isa = PBXGroup;
			children = (
				28DC86871A420CD000F43991 /* AppDelegate.swift */,
				28DC86891A420CD000F43991 /* FirstViewController.swift */,
				28DC868B1A420CD000F43991 /* SecondViewController.swift */,
				28DC868D1A420CD000F43991 /* Main.storyboard */,
				28DC86901A420CD000F43991 /* Images.xcassets */,
				28DC86921A420CD000F43991 /* LaunchScreen.xib */,
				28DC86851A420CD000F43991 /* Supporting Files */,
			);
			path = UinProto;
			sourceTree = "<group>";
		};
		28DC86851A420CD000F43991 /* Supporting Files */ = {
			isa = PBXGroup;
			children = (
				28DC86861A420CD000F43991 /* Info.plist */,
			);
			name = "Supporting Files";
			sourceTree = "<group>";
		};
		28DC869C1A420CD000F43991 /* UinProtoTests */ = {
			isa = PBXGroup;
			children = (
				28DC869F1A420CD000F43991 /* UinProtoTests.swift */,
				28DC869D1A420CD000F43991 /* Supporting Files */,
			);
			path = UinProtoTests;
			sourceTree = "<group>";
		};
		28DC869D1A420CD000F43991 /* Supporting Files */ = {
			isa = PBXGroup;
			children = (
				28DC869E1A420CD000F43991 /* Info.plist */,
			);
			name = "Supporting Files";
			sourceTree = "<group>";
		};
/* End PBXGroup section */

/* Begin PBXNativeTarget section */
		28DC86811A420CD000F43991 /* UinProto */ = {
			isa = PBXNativeTarget;
			buildConfigurationList = 28DC86A31A420CD000F43991 /* Build configuration list for PBXNativeTarget "UinProto" */;
			buildPhases = (
				28DC867E1A420CD000F43991 /* Sources */,
				28DC867F1A420CD000F43991 /* Frameworks */,
				28DC86801A420CD000F43991 /* Resources */,
			);
			buildRules = (
			);
			dependencies = (
			);
			name = UinProto;
			productName = UinProto;
			productReference = 28DC86821A420CD000F43991 /* UinProto.app */;
			productType = "com.apple.product-type.application";
		};
		28DC86981A420CD000F43991 /* UinProtoTests */ = {
			isa = PBXNativeTarget;
			buildConfigurationList = 28DC86A61A420CD000F43991 /* Build configuration list for PBXNativeTarget "UinProtoTests" */;
			buildPhases = (
				28DC86951A420CD000F43991 /* Sources */,
				28DC86961A420CD000F43991 /* Frameworks */,
				28DC86971A420CD000F43991 /* Resources */,
			);
			buildRules = (
			);
			dependencies = (
				28DC869B1A420CD000F43991 /* PBXTargetDependency */,
			);
			name = UinProtoTests;
			productName = UinProtoTests;
			productReference = 28DC86991A420CD000F43991 /* UinProtoTests.xctest */;
			productType = "com.apple.product-type.bundle.unit-test";
		};
/* End PBXNativeTarget section */

/* Begin PBXProject section */
		28DC867A1A420CD000F43991 /* Project object */ = {
			isa = PBXProject;
			attributes = {
				LastUpgradeCheck = 0620;
				ORGANIZATIONNAME = "Kareem Dasilva";
				TargetAttributes = {
					28DC86811A420CD000F43991 = {
						CreatedOnToolsVersion = 6.2;
					};
					28DC86981A420CD000F43991 = {
						CreatedOnToolsVersion = 6.2;
						TestTargetID = 28DC86811A420CD000F43991;
					};
				};
			};
			buildConfigurationList = 28DC867D1A420CD000F43991 /* Build configuration list for PBXProject "UinProto" */;
			compatibilityVersion = "Xcode 3.2";
			developmentRegion = English;
			hasScannedForEncodings = 0;
			knownRegions = (
				en,
				Base,
			);
			mainGroup = 28DC86791A420CD000F43991;
			productRefGroup = 28DC86831A420CD000F43991 /* Products */;
			projectDirPath = "";
			projectRoot = "";
			targets = (
				28DC86811A420CD000F43991 /* UinProto */,
				28DC86981A420CD000F43991 /* UinProtoTests */,
			);
		};
/* End PBXProject section */

/* Begin PBXResourcesBuildPhase section */
		28DC86801A420CD000F43991 /* Resources */ = {
			isa = PBXResourcesBuildPhase;
			buildActionMask = 2147483647;
			files = (
				28DC868F1A420CD000F43991 /* Main.storyboard in Resources */,
				28DC86941A420CD000F43991 /* LaunchScreen.xib in Resources */,
				28DC86911A420CD000F43991 /* Images.xcassets in Resources */,
			);
			runOnlyForDeploymentPostprocessing = 0;
		};
		28DC86971A420CD000F43991 /* Resources */ = {
			isa = PBXResourcesBuildPhase;
			buildActionMask = 2147483647;
			files = (
			);
			runOnlyForDeploymentPostprocessing = 0;
		};
/* End PBXResourcesBuildPhase section */

/* Begin PBXSourcesBuildPhase section */
		28DC867E1A420CD000F43991 /* Sources */ = {
			isa = PBXSourcesBuildPhase;
			buildActionMask = 2147483647;
			files = (
				28DC868C1A420CD000F43991 /* SecondViewController.swift in Sources */,
				28DC86881A420CD000F43991 /* AppDelegate.swift in Sources */,
				28DC868A1A420CD000F43991 /* FirstViewController.swift in Sources */,
			);
			runOnlyForDeploymentPostprocessing = 0;
		};
		28DC86951A420CD000F43991 /* Sources */ = {
			isa = PBXSourcesBuildPhase;
			buildActionMask = 2147483647;
			files = (
				28DC86A01A420CD000F43991 /* UinProtoTests.swift in Sources */,
			);
			runOnlyForDeploymentPostprocessing = 0;
		};
/* End PBXSourcesBuildPhase section */

/* Begin PBXTargetDependency section */
		28DC869B1A420CD000F43991 /* PBXTargetDependency */ = {
			isa = PBXTargetDependency;
			target = 28DC86811A420CD000F43991 /* UinProto */;
			targetProxy = 28DC869A1A420CD000F43991 /* PBXContainerItemProxy */;
		};
/* End PBXTargetDependency section */

/* Begin PBXVariantGroup section */
		28DC868D1A420CD000F43991 /* Main.storyboard */ = {
			isa = PBXVariantGroup;
			children = (
				28DC868E1A420CD000F43991 /* Base */,
			);
			name = Main.storyboard;
			sourceTree = "<group>";
		};
		28DC86921A420CD000F43991 /* LaunchScreen.xib */ = {
			isa = PBXVariantGroup;
			children = (
				28DC86931A420CD000F43991 /* Base */,
			);
			name = LaunchScreen.xib;
			sourceTree = "<group>";
		};
/* End PBXVariantGroup section */

/* Begin XCBuildConfiguration section */
		28DC86A11A420CD000F43991 /* Debug */ = {
			isa = XCBuildConfiguration;
			buildSettings = {
				ALWAYS_SEARCH_USER_PATHS = NO;
				CLANG_CXX_LANGUAGE_STANDARD = "gnu++0x";
				CLANG_CXX_LIBRARY = "libc++";
				CLANG_ENABLE_MODULES = YES;
				CLANG_ENABLE_OBJC_ARC = YES;
				CLANG_WARN_BOOL_CONVERSION = YES;
				CLANG_WARN_CONSTANT_CONVERSION = YES;
				CLANG_WARN_DIRECT_OBJC_ISA_USAGE = YES_ERROR;
				CLANG_WARN_EMPTY_BODY = YES;
				CLANG_WARN_ENUM_CONVERSION = YES;
				CLANG_WARN_INT_CONVERSION = YES;
				CLANG_WARN_OBJC_ROOT_CLASS = YES_ERROR;
				CLANG_WARN_UNREACHABLE_CODE = YES;
				CLANG_WARN__DUPLICATE_METHOD_MATCH = YES;
				"CODE_SIGN_IDENTITY[sdk=iphoneos*]" = "iPhone Developer";
				COPY_PHASE_STRIP = NO;
				ENABLE_STRICT_OBJC_MSGSEND = YES;
				GCC_C_LANGUAGE_STANDARD = gnu99;
				GCC_DYNAMIC_NO_PIC = NO;
				GCC_OPTIMIZATION_LEVEL = 0;
				GCC_PREPROCESSOR_DEFINITIONS = (
					"DEBUG=1",
					"$(inherited)",
				);
				GCC_SYMBOLS_PRIVATE_EXTERN = NO;
				GCC_WARN_64_TO_32_BIT_CONVERSION = YES;
				GCC_WARN_ABOUT_RETURN_TYPE = YES_ERROR;
				GCC_WARN_UNDECLARED_SELECTOR = YES;
				GCC_WARN_UNINITIALIZED_AUTOS = YES_AGGRESSIVE;
				GCC_WARN_UNUSED_FUNCTION = YES;
				GCC_WARN_UNUSED_VARIABLE = YES;
				IPHONEOS_DEPLOYMENT_TARGET = 8.2;
				MTL_ENABLE_DEBUG_INFO = YES;
				ONLY_ACTIVE_ARCH = YES;
				SDKROOT = iphoneos;
				SWIFT_OPTIMIZATION_LEVEL = "-Onone";
			};
			name = Debug;
		};
		28DC86A21A420CD000F43991 /* Release */ = {
			isa = XCBuildConfiguration;
			buildSettings = {
				ALWAYS_SEARCH_USER_PATHS = NO;
				CLANG_CXX_LANGUAGE_STANDARD = "gnu++0x";
				CLANG_CXX_LIBRARY = "libc++";
				CLANG_ENABLE_MODULES = YES;
				CLANG_ENABLE_OBJC_ARC = YES;
				CLANG_WARN_BOOL_CONVERSION = YES;
				CLANG_WARN_CONSTANT_CONVERSION = YES;
				CLANG_WARN_DIRECT_OBJC_ISA_USAGE = YES_ERROR;
				CLANG_WARN_EMPTY_BODY = YES;
				CLANG_WARN_ENUM_CONVERSION = YES;
				CLANG_WARN_INT_CONVERSION = YES;
				CLANG_WARN_OBJC_ROOT_CLASS = YES_ERROR;
				CLANG_WARN_UNREACHABLE_CODE = YES;
				CLANG_WARN__DUPLICATE_METHOD_MATCH = YES;
				"CODE_SIGN_IDENTITY[sdk=iphoneos*]" = "iPhone Developer";
				COPY_PHASE_STRIP = YES;
				ENABLE_NS_ASSERTIONS = NO;
				ENABLE_STRICT_OBJC_MSGSEND = YES;
				GCC_C_LANGUAGE_STANDARD = gnu99;
				GCC_WARN_64_TO_32_BIT_CONVERSION = YES;
				GCC_WARN_ABOUT_RETURN_TYPE = YES_ERROR;
				GCC_WARN_UNDECLARED_SELECTOR = YES;
				GCC_WARN_UNINITIALIZED_AUTOS = YES_AGGRESSIVE;
				GCC_WARN_UNUSED_FUNCTION = YES;
				GCC_WARN_UNUSED_VARIABLE = YES;
				IPHONEOS_DEPLOYMENT_TARGET = 8.2;
				MTL_ENABLE_DEBUG_INFO = NO;
				SDKROOT = iphoneos;
				VALIDATE_PRODUCT = YES;
			};
			name = Release;
		};
		28DC86A41A420CD000F43991 /* Debug */ = {
			isa = XCBuildConfiguration;
			buildSettings = {
				ASSETCATALOG_COMPILER_APPICON_NAME = AppIcon;
				INFOPLIST_FILE = UinProto/Info.plist;
				LD_RUNPATH_SEARCH_PATHS = "$(inherited) @executable_path/Frameworks";
				PRODUCT_NAME = "$(TARGET_NAME)";
			};
			name = Debug;
		};
		28DC86A51A420CD000F43991 /* Release */ = {
			isa = XCBuildConfiguration;
			buildSettings = {
				ASSETCATALOG_COMPILER_APPICON_NAME = AppIcon;
				INFOPLIST_FILE = UinProto/Info.plist;
				LD_RUNPATH_SEARCH_PATHS = "$(inherited) @executable_path/Frameworks";
				PRODUCT_NAME = "$(TARGET_NAME)";
			};
			name = Release;
		};
		28DC86A71A420CD000F43991 /* Debug */ = {
			isa = XCBuildConfiguration;
			buildSettings = {
				BUNDLE_LOADER = "$(TEST_HOST)";
				FRAMEWORK_SEARCH_PATHS = (
					"$(SDKROOT)/Developer/Library/Frameworks",
					"$(inherited)",
				);
				GCC_PREPROCESSOR_DEFINITIONS = (
					"DEBUG=1",
					"$(inherited)",
				);
				INFOPLIST_FILE = UinProtoTests/Info.plist;
				LD_RUNPATH_SEARCH_PATHS = "$(inherited) @executable_path/Frameworks @loader_path/Frameworks";
				PRODUCT_NAME = "$(TARGET_NAME)";
				TEST_HOST = "$(BUILT_PRODUCTS_DIR)/UinProto.app/UinProto";
			};
			name = Debug;
		};
		28DC86A81A420CD000F43991 /* Release */ = {
			isa = XCBuildConfiguration;
			buildSettings = {
				BUNDLE_LOADER = "$(TEST_HOST)";
				FRAMEWORK_SEARCH_PATHS = (
					"$(SDKROOT)/Developer/Library/Frameworks",
					"$(inherited)",
				);
				INFOPLIST_FILE = UinProtoTests/Info.plist;
				LD_RUNPATH_SEARCH_PATHS = "$(inherited) @executable_path/Frameworks @loader_path/Frameworks";
				PRODUCT_NAME = "$(TARGET_NAME)";
				TEST_HOST = "$(BUILT_PRODUCTS_DIR)/UinProto.app/UinProto";
			};
			name = Release;
		};
/* End XCBuildConfiguration section */

/* Begin XCConfigurationList section */
		28DC867D1A420CD000F43991 /* Build configuration list for PBXProject "UinProto" */ = {
			isa = XCConfigurationList;
			buildConfigurations = (
				28DC86A11A420CD000F43991 /* Debug */,
				28DC86A21A420CD000F43991 /* Release */,
			);
			defaultConfigurationIsVisible = 0;
			defaultConfigurationName = Release;
		};
		28DC86A31A420CD000F43991 /* Build configuration list for PBXNativeTarget "UinProto" */ = {
			isa = XCConfigurationList;
			buildConfigurations = (
				28DC86A41A420CD000F43991 /* Debug */,
				28DC86A51A420CD000F43991 /* Release */,
			);
			defaultConfigurationIsVisible = 0;
		};
		28DC86A61A420CD000F43991 /* Build configuration list for PBXNativeTarget "UinProtoTests" */ = {
			isa = XCConfigurationList;
			buildConfigurations = (
				28DC86A71A420CD000F43991 /* Debug */,
				28DC86A81A420CD000F43991 /* Release */,
			);
			defaultConfigurationIsVisible = 0;
		};
/* End XCConfigurationList section */
	};
	rootObject = 28DC867A1A420CD000F43991 /* Project object */;
}
